
Microsoft Visual Studio Solution File, Format Version 12.00
Project("{FAE04EC0-301F-11D3-BF4B-00C04F79EFBC}") = "WarehouseApi", "WarehouseApi.csproj", "{40628BA1-CF8A-4B1F-AD7F-A7C41BCC386D}"
EndProject
Project("{FAE04EC0-301F-11D3-BF4B-00C04F79EFBC}") = "WarehouseTests", "..\WarehouseTests\WarehouseTests.csproj", "{DA18A53A-AA71-40D9-87B4-B55CECEFF5D5}"
EndProject
Global
	GlobalSection(SolutionConfigurationPlatforms) = preSolution
		Debug|Any CPU = Debug|Any CPU
		Release|Any CPU = Release|Any CPU
	EndGlobalSection
	GlobalSection(ProjectConfigurationPlatforms) = postSolution
		{40628BA1-CF8A-4B1F-AD7F-A7C41BCC386D}.Debug|Any CPU.ActiveCfg = Debug|Any CPU
		{40628BA1-CF8A-4B1F-AD7F-A7C41BCC386D}.Debug|Any CPU.Build.0 = Debug|Any CPU
		{40628BA1-CF8A-4B1F-AD7F-A7C41BCC386D}.Release|Any CPU.ActiveCfg = Release|Any CPU
		{40628BA1-CF8A-4B1F-AD7F-A7C41BCC386D}.Release|Any CPU.Build.0 = Release|Any CPU
		{DA18A53A-AA71-40D9-87B4-B55CECEFF5D5}.Debug|Any CPU.ActiveCfg = Debug|Any CPU
		{DA18A53A-AA71-40D9-87B4-B55CECEFF5D5}.Debug|Any CPU.Build.0 = Debug|Any CPU
		{DA18A53A-AA71-40D9-87B4-B55CECEFF5D5}.Release|Any CPU.ActiveCfg = Release|Any CPU
		{DA18A53A-AA71-40D9-87B4-B55CECEFF5D5}.Release|Any CPU.Build.0 = Release|Any CPU
	EndGlobalSection
EndGlobal
